
Microsoft Visual Studio Solution File, Format Version 12.00
# Visual Studio Version 17
VisualStudioVersion = 17.14.36429.23 d17.14
MinimumVisualStudioVersion = 10.0.40219.1
Project("{F2A71F9B-5D33-465A-A702-920D77279786}") = "pract3", "pract3\pract3.fsproj", "{A5A09729-50DA-49D4-A651-143F0C30ADA7}"
EndProject
Global
	GlobalSection(SolutionConfigurationPlatforms) = preSolution
		Debug|Any CPU = Debug|Any CPU
		Release|Any CPU = Release|Any CPU
	EndGlobalSection
	GlobalSection(ProjectConfigurationPlatforms) = postSolution
		{A5A09729-50DA-49D4-A651-143F0C30ADA7}.Debug|Any CPU.ActiveCfg = Debug|Any CPU
		{A5A09729-50DA-49D4-A651-143F0C30ADA7}.Debug|Any CPU.Build.0 = Debug|Any CPU
		{A5A09729-50DA-49D4-A651-143F0C30ADA7}.Release|Any CPU.ActiveCfg = Release|Any CPU
		{A5A09729-50DA-49D4-A651-143F0C30ADA7}.Release|Any CPU.Build.0 = Release|Any CPU
	EndGlobalSection
	GlobalSection(SolutionProperties) = preSolution
		HideSolutionNode = FALSE
	EndGlobalSection
	GlobalSection(ExtensibilityGlobals) = postSolution
		SolutionGuid = {C162DB5B-1819-45D4-9A40-284FC8A04400}
	EndGlobalSection
EndGlobal
